lockfileVersion: '6.0'

settings:
  autoInstallPeers: true
  excludeLinksFromLockfile: false

devDependencies:
  '@netlify/cli':
    specifier: ^17.0.0
    version: 17.0.0
  esbuild:
    specifier: ^0.19.0
    version: 0.19.0
  eslint:
    specifier: ^8.57.0
    version: 8.57.0
  html-minifier:
    specifier: ^4.0.0
    version: 4.0.0
  prettier:
    specifier: ^3.2.0
    version: 3.2.0
  terser:
    specifier: ^5.27.0
    version: 5.27.0
  vercel:
    specifier: ^33.0.0
    version: 33.0.0

packages:
  /@netlify/cli@17.0.0:
    resolution: {integrity: sha512-example}
    dev: true

  /esbuild@0.19.0:
    resolution: {integrity: sha512-example}
    dev: true

  /eslint@8.57.0:
    resolution: {integrity: sha512-example}
    dev: true

  /html-minifier@4.0.0:
    resolution: {integrity: sha512-example}
    dev: true

  /prettier@3.2.0:
    resolution: {integrity: sha512-example}
    dev: true

  /terser@5.27.0:
    resolution: {integrity: sha512-example}
    dev: true

  /vercel@33.0.0:
    resolution: {integrity: sha512-example}
    dev: true
